
Microsoft Visual Studio Solution File, Format Version 12.00
# Visual Studio Version 17
VisualStudioVersion = 17.8.34112.27
MinimumVisualStudioVersion = 10.0.40219.1
Project("{FAE04EC0-301F-11D3-BF4B-00C04F79EFBC}") = "C# Advance Concept", "C# Advance Concept\C# Advance Concept.csproj", "{2E03C4F3-83A0-433E-813D-97380DEBB984}"
EndProject
Global
	GlobalSection(SolutionConfigurationPlatforms) = preSolution
		Debug|Any CPU = Debug|Any CPU
		Release|Any CPU = Release|Any CPU
	EndGlobalSection
	GlobalSection(ProjectConfigurationPlatforms) = postSolution
		{2E03C4F3-83A0-433E-813D-97380DEBB984}.Debug|Any CPU.ActiveCfg = Debug|Any CPU
		{2E03C4F3-83A0-433E-813D-97380DEBB984}.Debug|Any CPU.Build.0 = Debug|Any CPU
		{2E03C4F3-83A0-433E-813D-97380DEBB984}.Release|Any CPU.ActiveCfg = Release|Any CPU
		{2E03C4F3-83A0-433E-813D-97380DEBB984}.Release|Any CPU.Build.0 = Release|Any CPU
	EndGlobalSection
	GlobalSection(SolutionProperties) = preSolution
		HideSolutionNode = FALSE
	EndGlobalSection
	GlobalSection(ExtensibilityGlobals) = postSolution
		SolutionGuid = {F548236C-56F5-4CF9-9397-1F9504381FB2}
	EndGlobalSection
EndGlobal
